dependencies:
  idf:
    component_hash: null
    source:
      type: idf
    version: 5.0.0
  lvgl/lvgl:
    component_hash: 7b7ee85e48c2eb35bb242a8c7e0e4cd702e150541afb3f69089fb7ba81554d14
    source:
      service_url: https://api.components.espressif.com/
      type: service
    version: 8.3.0
manifest_hash: 99f0826049d5c10dadeb855b8b1a3a654f20dd0d3a780f03aafb95662c0181e6
target: esp32s3
version: 1.0.0
